// !$*UTF8*$!
{
	archiveVersion = 1;
	classes = {
	};
	objectVersion = 51;
	objects = {

/* Begin PBXBuildFile section */
		7C9AACB5264726BA00007E89 /* GoogleService-Info.plist in Resources */ = {isa = PBXBuildFile; fileRef = 7C9AACB4264726BA00007E89 /* GoogleService-Info.plist */; };
		7C9AACB926472C1300007E89 /* AuthenticationManager.swift in Sources */ = {isa = PBXBuildFile; fileRef = 7C9AACB826472C1300007E89 /* AuthenticationManager.swift */; };
		7C9AACBC2647357000007E89 /* BaseViewController.swift in Sources */ = {isa = PBXBuildFile; fileRef = 7C9AACBB2647357000007E89 /* BaseViewController.swift */; };
		7CDED46B26457C4C00DDB3BE /* AppDelegate.swift in Sources */ = {isa = PBXBuildFile; fileRef = 7CDED46A26457C4C00DDB3BE /* AppDelegate.swift */; };
		7CDED46F26457C4C00DDB3BE /* LoginViewController.swift in Sources */ = {isa = PBXBuildFile; fileRef = 7CDED46E26457C4C00DDB3BE /* LoginViewController.swift */; };
		7CDED47226457C4C00DDB3BE /* Main.storyboard in Resources */ = {isa = PBXBuildFile; fileRef = 7CDED47026457C4C00DDB3BE /* Main.storyboard */; };
		7CDED47426457C4E00DDB3BE /* Assets.xcassets in Resources */ = {isa = PBXBuildFile; fileRef = 7CDED47326457C4E00DDB3BE /* Assets.xcassets */; };
		7CDED47726457C4E00DDB3BE /* LaunchScreen.storyboard in Resources */ = {isa = PBXBuildFile; fileRef = 7CDED47526457C4E00DDB3BE /* LaunchScreen.storyboard */; };
		7CDED4832645F56B00DDB3BE /* Extensions.swift in Sources */ = {isa = PBXBuildFile; fileRef = 7CDED4822645F56B00DDB3BE /* Extensions.swift */; };
		7CDED48B2645FF1300DDB3BE /* Localizable.strings in Resources */ = {isa = PBXBuildFile; fileRef = 7CDED48D2645FF1300DDB3BE /* Localizable.strings */; };
		7CDED48F2645FF3E00DDB3BE /* LocalizedStrings.swift in Sources */ = {isa = PBXBuildFile; fileRef = 7CDED48E2645FF3E00DDB3BE /* LocalizedStrings.swift */; };
		7CDED4922646007F00DDB3BE /* CarListViewController.swift in Sources */ = {isa = PBXBuildFile; fileRef = 7CDED4912646007F00DDB3BE /* CarListViewController.swift */; };
		7CDED495264601BB00DDB3BE /* Constants.swift in Sources */ = {isa = PBXBuildFile; fileRef = 7CDED494264601BB00DDB3BE /* Constants.swift */; };
		C562C9B13C6D1D9AA8EA6012 /* Pods_Arabami_Sat.framework in Frameworks */ = {isa = PBXBuildFile; fileRef = A3CC220D91B510A3B71D7C82 /* Pods_Arabami_Sat.framework */; };
/* End PBXBuildFile section */

/* Begin PBXFileReference section */
		1216CFA6BE6CDD4785948E2E /* Pods-Arabami Sat.debug.xcconfig */ = {isa = PBXFileReference; includeInIndex = 1; lastKnownFileType = text.xcconfig; name = "Pods-Arabami Sat.debug.xcconfig"; path = "Target Support Files/Pods-Arabami Sat/Pods-Arabami Sat.debug.xcconfig"; sourceTree = "<group>"; };
		7C9AACB4264726BA00007E89 /* GoogleService-Info.plist */ = {isa = PBXFileReference; fileEncoding = 4; lastKnownFileType = text.plist.xml; path = "GoogleService-Info.plist"; sourceTree = "<group>"; };
		7C9AACB826472C1300007E89 /* AuthenticationManager.swift */ = {isa = PBXFileReference; lastKnownFileType = sourcecode.swift; path = AuthenticationManager.swift; sourceTree = "<group>"; };
		7C9AACBB2647357000007E89 /* BaseViewController.swift */ = {isa = PBXFileReference; lastKnownFileType = sourcecode.swift; path = BaseViewController.swift; sourceTree = "<group>"; };
		7CDED46726457C4C00DDB3BE /* Arabami Sat.app */ = {isa = PBXFileReference; explicitFileType = wrapper.application; includeInIndex = 0; path = "Arabami Sat.app"; sourceTree = BUILT_PRODUCTS_DIR; };
		7CDED46A26457C4C00DDB3BE /* AppDelegate.swift */ = {isa = PBXFileReference; lastKnownFileType = sourcecode.swift; path = AppDelegate.swift; sourceTree = "<group>"; };
		7CDED46E26457C4C00DDB3BE /* LoginViewController.swift */ = {isa = PBXFileReference; lastKnownFileType = sourcecode.swift; path = LoginViewController.swift; sourceTree = "<group>"; };
		7CDED47126457C4C00DDB3BE /* Base */ = {isa = PBXFileReference; lastKnownFileType = file.storyboard; name = Base; path = Base.lproj/Main.storyboard; sourceTree = "<group>"; };
		7CDED47326457C4E00DDB3BE /* Assets.xcassets */ = {isa = PBXFileReference; lastKnownFileType = folder.assetcatalog; path = Assets.xcassets; sourceTree = "<group>"; };
		7CDED47626457C4E00DDB3BE /* Base */ = {isa = PBXFileReference; lastKnownFileType = file.storyboard; name = Base; path = Base.lproj/LaunchScreen.storyboard; sourceTree = "<group>"; };
		7CDED4822645F56B00DDB3BE /* Extensions.swift */ = {isa = PBXFileReference; lastKnownFileType = sourcecode.swift; path = Extensions.swift; sourceTree = "<group>"; };
		7CDED4862645F78E00DDB3BE /* Info.plist */ = {isa = PBXFileReference; fileEncoding = 4; lastKnownFileType = text.plist.xml; path = Info.plist; sourceTree = "<group>"; };
		7CDED48C2645FF1300DDB3BE /* en */ = {isa = PBXFileReference; lastKnownFileType = text.plist.strings; name = en; path = en.lproj/Localizable.strings; sourceTree = "<group>"; };
		7CDED48E2645FF3E00DDB3BE /* LocalizedStrings.swift */ = {isa = PBXFileReference; lastKnownFileType = sourcecode.swift; path = LocalizedStrings.swift; sourceTree = "<group>"; };
		7CDED4902645FF6D00DDB3BE /* tr */ = {isa = PBXFileReference; lastKnownFileType = text.plist.strings; name = tr; path = tr.lproj/Localizable.strings; sourceTree = "<group>"; };
		7CDED4912646007F00DDB3BE /* CarListViewController.swift */ = {isa = PBXFileReference; lastKnownFileType = sourcecode.swift; path = CarListViewController.swift; sourceTree = "<group>"; };
		7CDED494264601BB00DDB3BE /* Constants.swift */ = {isa = PBXFileReference; lastKnownFileType = sourcecode.swift; path = Constants.swift; sourceTree = "<group>"; };
		A3CC220D91B510A3B71D7C82 /* Pods_Arabami_Sat.framework */ = {isa = PBXFileReference; explicitFileType = wrapper.framework; includeInIndex = 0; path = Pods_Arabami_Sat.framework; sourceTree = BUILT_PRODUCTS_DIR; };
		CDA45C8A10F493664DFFE7D8 /* Pods-Arabami Sat.release.xcconfig */ = {isa = PBXFileReference; includeInIndex = 1; lastKnownFileType = text.xcconfig; name = "Pods-Arabami Sat.release.xcconfig"; path = "Target Support Files/Pods-Arabami Sat/Pods-Arabami Sat.release.xcconfig"; sourceTree = "<group>"; };
/* End PBXFileReference section */

/* Begin PBXFrameworksBuildPhase section */
		7CDED46426457C4C00DDB3BE /* Frameworks */ = {
			isa = PBXFrameworksBuildPhase;
			buildActionMask = 2147483647;
			files = (
				C562C9B13C6D1D9AA8EA6012 /* Pods_Arabami_Sat.framework in Frameworks */,
			);
			runOnlyForDeploymentPostprocessing = 0;
		};
/* End PBXFrameworksBuildPhase section */

/* Begin PBXGroup section */
		289C3BBE492DCA08CBBB99EB /* Pods */ = {
			isa = PBXGroup;
			children = (
				1216CFA6BE6CDD4785948E2E /* Pods-Arabami Sat.debug.xcconfig */,
				CDA45C8A10F493664DFFE7D8 /* Pods-Arabami Sat.release.xcconfig */,
			);
			path = Pods;
			sourceTree = "<group>";
		};
		7C9AACB726472BF400007E89 /* Managers */ = {
			isa = PBXGroup;
			children = (
				7C9AACB826472C1300007E89 /* AuthenticationManager.swift */,
			);
			path = Managers;
			sourceTree = "<group>";
		};
		7CDED45E26457C4C00DDB3BE = {
			isa = PBXGroup;
			children = (
				7CDED46926457C4C00DDB3BE /* Arabami Sat */,
				7CDED46826457C4C00DDB3BE /* Products */,
				289C3BBE492DCA08CBBB99EB /* Pods */,
				BEB1A2B20CC674D366967AFC /* Frameworks */,
			);
			sourceTree = "<group>";
		};
		7CDED46826457C4C00DDB3BE /* Products */ = {
			isa = PBXGroup;
			children = (
				7CDED46726457C4C00DDB3BE /* Arabami Sat.app */,
			);
			name = Products;
			sourceTree = "<group>";
		};
		7CDED46926457C4C00DDB3BE /* Arabami Sat */ = {
			isa = PBXGroup;
			children = (
				7CDED47F2645F2B800DDB3BE /* AppDelegate */,
				7CDED47E2645F2AB00DDB3BE /* Controllers */,
				7C9AACB726472BF400007E89 /* Managers */,
				7CDED4812645F55300DDB3BE /* Extensions */,
				7CDED4802645F2CC00DDB3BE /* Resources */,
			);
			path = "Arabami Sat";
			sourceTree = "<group>";
		};
		7CDED47E2645F2AB00DDB3BE /* Controllers */ = {
			isa = PBXGroup;
			children = (
				7C9AACBB2647357000007E89 /* BaseViewController.swift */,
				7CDED46E26457C4C00DDB3BE /* LoginViewController.swift */,
				7CDED4912646007F00DDB3BE /* CarListViewController.swift */,
			);
			path = Controllers;
			sourceTree = "<group>";
		};
		7CDED47F2645F2B800DDB3BE /* AppDelegate */ = {
			isa = PBXGroup;
			children = (
				7CDED46A26457C4C00DDB3BE /* AppDelegate.swift */,
			);
			path = AppDelegate;
			sourceTree = "<group>";
		};
		7CDED4802645F2CC00DDB3BE /* Resources */ = {
			isa = PBXGroup;
			children = (
				7CDED493264601A400DDB3BE /* Constants */,
				7CDED48A2645FF0700DDB3BE /* Localizable */,
				7CDED47026457C4C00DDB3BE /* Main.storyboard */,
				7CDED47326457C4E00DDB3BE /* Assets.xcassets */,
				7CDED47526457C4E00DDB3BE /* LaunchScreen.storyboard */,
				7CDED4862645F78E00DDB3BE /* Info.plist */,
				7C9AACB4264726BA00007E89 /* GoogleService-Info.plist */,
			);
			path = Resources;
			sourceTree = "<group>";
		};
		7CDED4812645F55300DDB3BE /* Extensions */ = {
			isa = PBXGroup;
			children = (
				7CDED4822645F56B00DDB3BE /* Extensions.swift */,
			);
			path = Extensions;
			sourceTree = "<group>";
		};
		7CDED48A2645FF0700DDB3BE /* Localizable */ = {
			isa = PBXGroup;
			children = (
				7CDED48E2645FF3E00DDB3BE /* LocalizedStrings.swift */,
				7CDED48D2645FF1300DDB3BE /* Localizable.strings */,
			);
			path = Localizable;
			sourceTree = "<group>";
		};
		7CDED493264601A400DDB3BE /* Constants */ = {
			isa = PBXGroup;
			children = (
				7CDED494264601BB00DDB3BE /* Constants.swift */,
			);
			path = Constants;
			sourceTree = "<group>";
		};
		BEB1A2B20CC674D366967AFC /* Frameworks */ = {
			isa = PBXGroup;
			children = (
				A3CC220D91B510A3B71D7C82 /* Pods_Arabami_Sat.framework */,
			);
			name = Frameworks;
			sourceTree = "<group>";
		};
/* End PBXGroup section */

/* Begin PBXNativeTarget section */
		7CDED46626457C4C00DDB3BE /* Arabami Sat */ = {
			isa = PBXNativeTarget;
			buildConfigurationList = 7CDED47B26457C4E00DDB3BE /* Build configuration list for PBXNativeTarget "Arabami Sat" */;
			buildPhases = (
				B68FF0CF0EB988DB33ABB05B /* [CP] Check Pods Manifest.lock */,
				7CDED46326457C4C00DDB3BE /* Sources */,
				7CDED46426457C4C00DDB3BE /* Frameworks */,
				7CDED46526457C4C00DDB3BE /* Resources */,
				D301085D48C36F93A9F9E043 /* [CP] Embed Pods Frameworks */,
				7C5E34EB4FCB4B1A1A7DDDE0 /* [CP] Copy Pods Resources */,
				7C9AACB62647279700007E89 /* Crashlytics Script */,
				7C9AACBA26472CBF00007E89 /* SwiftLint Script */,
			);
			buildRules = (
			);
			dependencies = (
			);
			name = "Arabami Sat";
			productName = "Arabami Sat";
			productReference = 7CDED46726457C4C00DDB3BE /* Arabami Sat.app */;
			productType = "com.apple.product-type.application";
		};
/* End PBXNativeTarget section */

/* Begin PBXProject section */
		7CDED45F26457C4C00DDB3BE /* Project object */ = {
			isa = PBXProject;
			attributes = {
				LastSwiftUpdateCheck = 1250;
				LastUpgradeCheck = 1250;
				TargetAttributes = {
					7CDED46626457C4C00DDB3BE = {
						CreatedOnToolsVersion = 12.5;
					};
				};
			};
			buildConfigurationList = 7CDED46226457C4C00DDB3BE /* Build configuration list for PBXProject "Arabami Sat" */;
			compatibilityVersion = "Xcode 9.3";
			developmentRegion = en;
			hasScannedForEncodings = 0;
			knownRegions = (
				en,
				Base,
				tr,
			);
			mainGroup = 7CDED45E26457C4C00DDB3BE;
			productRefGroup = 7CDED46826457C4C00DDB3BE /* Products */;
			projectDirPath = "";
			projectRoot = "";
			targets = (
				7CDED46626457C4C00DDB3BE /* Arabami Sat */,
			);
		};
/* End PBXProject section */

/* Begin PBXResourcesBuildPhase section */
		7CDED46526457C4C00DDB3BE /* Resources */ = {
			isa = PBXResourcesBuildPhase;
			buildActionMask = 2147483647;
			files = (
				7CDED47726457C4E00DDB3BE /* LaunchScreen.storyboard in Resources */,
				7CDED48B2645FF1300DDB3BE /* Localizable.strings in Resources */,
				7C9AACB5264726BA00007E89 /* GoogleService-Info.plist in Resources */,
				7CDED47426457C4E00DDB3BE /* Assets.xcassets in Resources */,
				7CDED47226457C4C00DDB3BE /* Main.storyboard in Resources */,
			);
			runOnlyForDeploymentPostprocessing = 0;
		};
/* End PBXResourcesBuildPhase section */

/* Begin PBXShellScriptBuildPhase section */
		7C5E34EB4FCB4B1A1A7DDDE0 /* [CP] Copy Pods Resources */ = {
			isa = PBXShellScriptBuildPhase;
			buildActionMask = 2147483647;
			files = (
			);
			inputFileListPaths = (
				"${PODS_ROOT}/Target Support Files/Pods-Arabami Sat/Pods-Arabami Sat-resources-${CONFIGURATION}-input-files.xcfilelist",
			);
			name = "[CP] Copy Pods Resources";
			outputFileListPaths = (
				"${PODS_ROOT}/Target Support Files/Pods-Arabami Sat/Pods-Arabami Sat-resources-${CONFIGURATION}-output-files.xcfilelist",
			);
			runOnlyForDeploymentPostprocessing = 0;
			shellPath = /bin/sh;
			shellScript = "\"${PODS_ROOT}/Target Support Files/Pods-Arabami Sat/Pods-Arabami Sat-resources.sh\"\n";
			showEnvVarsInLog = 0;
		};
		7C9AACB62647279700007E89 /* Crashlytics Script */ = {
			isa = PBXShellScriptBuildPhase;
			buildActionMask = 2147483647;
			files = (
			);
			inputFileListPaths = (
			);
			inputPaths = (
			);
			name = "Crashlytics Script";
			outputFileListPaths = (
			);
			outputPaths = (
			);
			runOnlyForDeploymentPostprocessing = 0;
			shellPath = /bin/sh;
			shellScript = "# Type a script or drag a script file from your workspace to insert its path.\n\"${PODS_ROOT}/FirebaseCrashlytics/run\"\n";
		};
		7C9AACBA26472CBF00007E89 /* SwiftLint Script */ = {
			isa = PBXShellScriptBuildPhase;
			buildActionMask = 2147483647;
			files = (
			);
			inputFileListPaths = (
			);
			inputPaths = (
			);
			name = "SwiftLint Script";
			outputFileListPaths = (
			);
			outputPaths = (
			);
			runOnlyForDeploymentPostprocessing = 0;
			shellPath = /bin/sh;
			shellScript = "# Type a script or drag a script file from your workspace to insert its path.\n\"${PODS_ROOT}/SwiftLint/swiftlint\"\n";
		};
		B68FF0CF0EB988DB33ABB05B /* [CP] Check Pods Manifest.lock */ = {
			isa = PBXShellScriptBuildPhase;
			buildActionMask = 2147483647;
			files = (
			);
			inputFileListPaths = (
			);
			inputPaths = (
				"${PODS_PODFILE_DIR_PATH}/Podfile.lock",
				"${PODS_ROOT}/Manifest.lock",
			);
			name = "[CP] Check Pods Manifest.lock";
			outputFileListPaths = (
			);
			outputPaths = (
				"$(DERIVED_FILE_DIR)/Pods-Arabami Sat-checkManifestLockResult.txt",
			);
			runOnlyForDeploymentPostprocessing = 0;
			shellPath = /bin/sh;
			shellScript = "diff \"${PODS_PODFILE_DIR_PATH}/Podfile.lock\" \"${PODS_ROOT}/Manifest.lock\" > /dev/null\nif [ $? != 0 ] ; then\n    # print error to STDERR\n    echo \"error: The sandbox is not in sync with the Podfile.lock. Run 'pod install' or update your CocoaPods installation.\" >&2\n    exit 1\nfi\n# This output is used by Xcode 'outputs' to avoid re-running this script phase.\necho \"SUCCESS\" > \"${SCRIPT_OUTPUT_FILE_0}\"\n";
			showEnvVarsInLog = 0;
		};
		D301085D48C36F93A9F9E043 /* [CP] Embed Pods Frameworks */ = {
			isa = PBXShellScriptBuildPhase;
			buildActionMask = 2147483647;
			files = (
			);
			inputFileListPaths = (
				"${PODS_ROOT}/Target Support Files/Pods-Arabami Sat/Pods-Arabami Sat-frameworks-${CONFIGURATION}-input-files.xcfilelist",
			);
			name = "[CP] Embed Pods Frameworks";
			outputFileListPaths = (
				"${PODS_ROOT}/Target Support Files/Pods-Arabami Sat/Pods-Arabami Sat-frameworks-${CONFIGURATION}-output-files.xcfilelist",
			);
			runOnlyForDeploymentPostprocessing = 0;
			shellPath = /bin/sh;
			shellScript = "\"${PODS_ROOT}/Target Support Files/Pods-Arabami Sat/Pods-Arabami Sat-frameworks.sh\"\n";
			showEnvVarsInLog = 0;
		};
/* End PBXShellScriptBuildPhase section */

/* Begin PBXSourcesBuildPhase section */
		7CDED46326457C4C00DDB3BE /* Sources */ = {
			isa = PBXSourcesBuildPhase;
			buildActionMask = 2147483647;
			files = (
				7CDED46F26457C4C00DDB3BE /* LoginViewController.swift in Sources */,
				7CDED4922646007F00DDB3BE /* CarListViewController.swift in Sources */,
				7C9AACB926472C1300007E89 /* AuthenticationManager.swift in Sources */,
				7CDED4832645F56B00DDB3BE /* Extensions.swift in Sources */,
				7CDED48F2645FF3E00DDB3BE /* LocalizedStrings.swift in Sources */,
				7C9AACBC2647357000007E89 /* BaseViewController.swift in Sources */,
				7CDED46B26457C4C00DDB3BE /* AppDelegate.swift in Sources */,
				7CDED495264601BB00DDB3BE /* Constants.swift in Sources */,
			);
			runOnlyForDeploymentPostprocessing = 0;
		};
/* End PBXSourcesBuildPhase section */

/* Begin PBXVariantGroup section */
		7CDED47026457C4C00DDB3BE /* Main.storyboard */ = {
			isa = PBXVariantGroup;
			children = (
				7CDED47126457C4C00DDB3BE /* Base */,
			);
			name = Main.storyboard;
			sourceTree = "<group>";
		};
		7CDED47526457C4E00DDB3BE /* LaunchScreen.storyboard */ = {
			isa = PBXVariantGroup;
			children = (
				7CDED47626457C4E00DDB3BE /* Base */,
			);
			name = LaunchScreen.storyboard;
			sourceTree = "<group>";
		};
		7CDED48D2645FF1300DDB3BE /* Localizable.strings */ = {
			isa = PBXVariantGroup;
			children = (
				7CDED48C2645FF1300DDB3BE /* en */,
				7CDED4902645FF6D00DDB3BE /* tr */,
			);
			name = Localizable.strings;
			sourceTree = "<group>";
		};
/* End PBXVariantGroup section */

/* Begin XCBuildConfiguration section */
		7CDED47926457C4E00DDB3BE /* Debug */ = {
			isa = XCBuildConfiguration;
			buildSettings = {
				ALWAYS_SEARCH_USER_PATHS = NO;
				CLANG_ANALYZER_LOCALIZABILITY_NONLOCALIZED = YES;
				CLANG_ANALYZER_NONNULL = YES;
				CLANG_ANALYZER_NUMBER_OBJECT_CONVERSION = YES_AGGRESSIVE;
				CLANG_CXX_LANGUAGE_STANDARD = "gnu++14";
				CLANG_CXX_LIBRARY = "libc++";
				CLANG_ENABLE_MODULES = YES;
				CLANG_ENABLE_OBJC_ARC = YES;
				CLANG_ENABLE_OBJC_WEAK = YES;
				CLANG_WARN_BLOCK_CAPTURE_AUTORELEASING = YES;
				CLANG_WARN_BOOL_CONVERSION = YES;
				CLANG_WARN_COMMA = YES;
				CLANG_WARN_CONSTANT_CONVERSION = YES;
				CLANG_WARN_DEPRECATED_OBJC_IMPLEMENTATIONS = YES;
				CLANG_WARN_DIRECT_OBJC_ISA_USAGE = YES_ERROR;
				CLANG_WARN_DOCUMENTATION_COMMENTS = YES;
				CLANG_WARN_EMPTY_BODY = YES;
				CLANG_WARN_ENUM_CONVERSION = YES;
				CLANG_WARN_INFINITE_RECURSION = YES;
				CLANG_WARN_INT_CONVERSION = YES;
				CLANG_WARN_NON_LITERAL_NULL_CONVERSION = YES;
				CLANG_WARN_OBJC_IMPLICIT_RETAIN_SELF = YES;
				CLANG_WARN_OBJC_LITERAL_CONVERSION = YES;
				CLANG_WARN_OBJC_ROOT_CLASS = YES_ERROR;
				CLANG_WARN_QUOTED_INCLUDE_IN_FRAMEWORK_HEADER = YES;
				CLANG_WARN_RANGE_LOOP_ANALYSIS = YES;
				CLANG_WARN_STRICT_PROTOTYPES = YES;
				CLANG_WARN_SUSPICIOUS_MOVE = YES;
				CLANG_WARN_UNGUARDED_AVAILABILITY = YES_AGGRESSIVE;
				CLANG_WARN_UNREACHABLE_CODE = YES;
				CLANG_WARN__DUPLICATE_METHOD_MATCH = YES;
				COPY_PHASE_STRIP = NO;
				DEBUG_INFORMATION_FORMAT = dwarf;
				ENABLE_STRICT_OBJC_MSGSEND = YES;
				ENABLE_TESTABILITY = YES;
				GCC_C_LANGUAGE_STANDARD = gnu11;
				GCC_DYNAMIC_NO_PIC = NO;
				GCC_NO_COMMON_BLOCKS = YES;
				GCC_OPTIMIZATION_LEVEL = 0;
				GCC_PREPROCESSOR_DEFINITIONS = (
					"DEBUG=1",
					"$(inherited)",
				);
				GCC_WARN_64_TO_32_BIT_CONVERSION = YES;
				GCC_WARN_ABOUT_RETURN_TYPE = YES_ERROR;
				GCC_WARN_UNDECLARED_SELECTOR = YES;
				GCC_WARN_UNINITIALIZED_AUTOS = YES_AGGRESSIVE;
				GCC_WARN_UNUSED_FUNCTION = YES;
				GCC_WARN_UNUSED_VARIABLE = YES;
				IPHONEOS_DEPLOYMENT_TARGET = 12.1;
				MTL_ENABLE_DEBUG_INFO = INCLUDE_SOURCE;
				MTL_FAST_MATH = YES;
				ONLY_ACTIVE_ARCH = YES;
				SDKROOT = iphoneos;
				SWIFT_ACTIVE_COMPILATION_CONDITIONS = DEBUG;
				SWIFT_OPTIMIZATION_LEVEL = "-Onone";
			};
			name = Debug;
		};
		7CDED47A26457C4E00DDB3BE /* Release */ = {
			isa = XCBuildConfiguration;
			buildSettings = {
				ALWAYS_SEARCH_USER_PATHS = NO;
				CLANG_ANALYZER_LOCALIZABILITY_NONLOCALIZED = YES;
				CLANG_ANALYZER_NONNULL = YES;
				CLANG_ANALYZER_NUMBER_OBJECT_CONVERSION = YES_AGGRESSIVE;
				CLANG_CXX_LANGUAGE_STANDARD = "gnu++14";
				CLANG_CXX_LIBRARY = "libc++";
				CLANG_ENABLE_MODULES = YES;
				CLANG_ENABLE_OBJC_ARC = YES;
				CLANG_ENABLE_OBJC_WEAK = YES;
				CLANG_WARN_BLOCK_CAPTURE_AUTORELEASING = YES;
				CLANG_WARN_BOOL_CONVERSION = YES;
				CLANG_WARN_COMMA = YES;
				CLANG_WARN_CONSTANT_CONVERSION = YES;
				CLANG_WARN_DEPRECATED_OBJC_IMPLEMENTATIONS = YES;
				CLANG_WARN_DIRECT_OBJC_ISA_USAGE = YES_ERROR;
				CLANG_WARN_DOCUMENTATION_COMMENTS = YES;
				CLANG_WARN_EMPTY_BODY = YES;
				CLANG_WARN_ENUM_CONVERSION = YES;
				CLANG_WARN_INFINITE_RECURSION = YES;
				CLANG_WARN_INT_CONVERSION = YES;
				CLANG_WARN_NON_LITERAL_NULL_CONVERSION = YES;
				CLANG_WARN_OBJC_IMPLICIT_RETAIN_SELF = YES;
				CLANG_WARN_OBJC_LITERAL_CONVERSION = YES;
				CLANG_WARN_OBJC_ROOT_CLASS = YES_ERROR;
				CLANG_WARN_QUOTED_INCLUDE_IN_FRAMEWORK_HEADER = YES;
				CLANG_WARN_RANGE_LOOP_ANALYSIS = YES;
				CLANG_WARN_STRICT_PROTOTYPES = YES;
				CLANG_WARN_SUSPICIOUS_MOVE = YES;
				CLANG_WARN_UNGUARDED_AVAILABILITY = YES_AGGRESSIVE;
				CLANG_WARN_UNREACHABLE_CODE = YES;
				CLANG_WARN__DUPLICATE_METHOD_MATCH = YES;
				COPY_PHASE_STRIP = NO;
				DEBUG_INFORMATION_FORMAT = "dwarf-with-dsym";
				ENABLE_NS_ASSERTIONS = NO;
				ENABLE_STRICT_OBJC_MSGSEND = YES;
				GCC_C_LANGUAGE_STANDARD = gnu11;
				GCC_NO_COMMON_BLOCKS = YES;
				GCC_WARN_64_TO_32_BIT_CONVERSION = YES;
				GCC_WARN_ABOUT_RETURN_TYPE = YES_ERROR;
				GCC_WARN_UNDECLARED_SELECTOR = YES;
				GCC_WARN_UNINITIALIZED_AUTOS = YES_AGGRESSIVE;
				GCC_WARN_UNUSED_FUNCTION = YES;
				GCC_WARN_UNUSED_VARIABLE = YES;
				IPHONEOS_DEPLOYMENT_TARGET = 12.1;
				MTL_ENABLE_DEBUG_INFO = NO;
				MTL_FAST_MATH = YES;
				SDKROOT = iphoneos;
				SWIFT_COMPILATION_MODE = wholemodule;
				SWIFT_OPTIMIZATION_LEVEL = "-O";
				VALIDATE_PRODUCT = YES;
			};
			name = Release;
		};
		7CDED47C26457C4E00DDB3BE /* Debug */ = {
			isa = XCBuildConfiguration;
			baseConfigurationReference = 1216CFA6BE6CDD4785948E2E /* Pods-Arabami Sat.debug.xcconfig */;
			buildSettings = {
				ASSETCATALOG_COMPILER_APPICON_NAME = AppIcon;
				ASSETCATALOG_COMPILER_GLOBAL_ACCENT_COLOR_NAME = AccentColor;
				CODE_SIGN_STYLE = Automatic;
				INFOPLIST_FILE = "Arabami Sat/Resources/Info.plist";
				IPHONEOS_DEPLOYMENT_TARGET = 12.1;
				LD_RUNPATH_SEARCH_PATHS = (
					"$(inherited)",
					"@executable_path/Frameworks",
				);
				PRODUCT_BUNDLE_IDENTIFIER = "vestel.com.Arabami-Sat";
				PRODUCT_NAME = "$(TARGET_NAME)";
				SWIFT_VERSION = 5.0;
				TARGETED_DEVICE_FAMILY = "1,2";
			};
			name = Debug;
		};
		7CDED47D26457C4E00DDB3BE /* Release */ = {
			isa = XCBuildConfiguration;
			baseConfigurationReference = CDA45C8A10F493664DFFE7D8 /* Pods-Arabami Sat.release.xcconfig */;
			buildSettings = {
				ASSETCATALOG_COMPILER_APPICON_NAME = AppIcon;
				ASSETCATALOG_COMPILER_GLOBAL_ACCENT_COLOR_NAME = AccentColor;
				CODE_SIGN_STYLE = Automatic;
				INFOPLIST_FILE = "Arabami Sat/Resources/Info.plist";
				IPHONEOS_DEPLOYMENT_TARGET = 12.1;
				LD_RUNPATH_SEARCH_PATHS = (
					"$(inherited)",
					"@executable_path/Frameworks",
				);
				PRODUCT_BUNDLE_IDENTIFIER = "vestel.com.Arabami-Sat";
				PRODUCT_NAME = "$(TARGET_NAME)";
				SWIFT_VERSION = 5.0;
				TARGETED_DEVICE_FAMILY = "1,2";
			};
			name = Release;
		};
/* End XCBuildConfiguration section */

/* Begin XCConfigurationList section */
		7CDED46226457C4C00DDB3BE /* Build configuration list for PBXProject "Arabami Sat" */ = {
			isa = XCConfigurationList;
			buildConfigurations = (
				7CDED47926457C4E00DDB3BE /* Debug */,
				7CDED47A26457C4E00DDB3BE /* Release */,
			);
			defaultConfigurationIsVisible = 0;
			defaultConfigurationName = Release;
		};
		7CDED47B26457C4E00DDB3BE /* Build configuration list for PBXNativeTarget "Arabami Sat" */ = {
			isa = XCConfigurationList;
			buildConfigurations = (
				7CDED47C26457C4E00DDB3BE /* Debug */,
				7CDED47D26457C4E00DDB3BE /* Release */,
			);
			defaultConfigurationIsVisible = 0;
			defaultConfigurationName = Release;
		};
/* End XCConfigurationList section */
	};
	rootObject = 7CDED45F26457C4C00DDB3BE /* Project object */;
}
